{
  "version": 4,
  "terraform_version": "1.5.3",
  "serial": 202,
  "lineage": "a72c5498-7359-2158-3a86-aae2053f0ca2",
  "outputs": {
    "key_pair_name": {
      "value": "my_key_pair",
      "type": "string"
    },
    "private_key_pem": {
      "value": "-----BEGIN RSA PRIVATE KEY-----\nMIIJKgIBAAKCAgEApdQG+mqNv3H8TFiaV83tGWdQ1XpzuFfY9m23Y2ViyoirV2eu\nD+byeA7OP5sI2qukIn2x9cJHf6+NdJDQsSuo5xNNCUcsbZhzIQPvXvkhXJKVVvWF\nnGltWu9HptHSejirAZx6RekS1fbINs+pLEZyWardO0la7G89qN1/aNTIYoeOI/99\n/8PMMG8rW+hiQihhZvs2Qs/qJ3fMd/RRtep1RURam4qpAQGRj9KyE9rZTYkluARN\n2TeHjZKYfKJi2X1zZqcKpCybsMqCEjsY+49FutZMsEVGu1pg+YlW0pckGh5UruHE\n4BbERRo9w5NEV4AaSz7WR4Gdk1QIu/90Q9AJRno8gsFzqIiLEUUg/rf6vPbFU93F\ninb/d/nFg3FjYPIymsW+Bo9Y3DabxaLHOzsy5rFuhL5heYxFWkkl2YqaF4plKl8a\ne1iOuVu8vU+2JQuxEK9J9nYgbWR6kb0VYj/NW4mBNuPG2pGWG63pY3psoPk/8nes\nMXHdapuVBMJqAgxdJSlMN7tQ+uuLgn3jNYSgJgh+REmr5mKbJcPiXz4xUPxMiY8C\n7y/7jwSReOh2/kaUVSS7fGlCJpnRpARO2eZH7EvYKhNb2ndNnQgJTuZKvs6fVBrZ\nnpBDSiNUbIqt0HoPr/5cpXgQoMAaSEpefKfXven7YiJuEOvDeU+sB+wu0hECAwEA\nAQKCAgEAm/9+IQ0kE7lTMy8W4wrhxUggDvOG8SATBp/oKSUzbnxrU2pBoMwNxUuI\nUuWxyqQ1YA0G4L7HLCMl20ZwTHtaBSdvDQ9biC4mACUHhjyvWbq7qnaGHsI/EZCP\nwysX6cptdLKThDjic04YwxdPeks7P4cxX5h+ZHWxd64HMcMaTzZeTRcInRbAe7/Y\n9jkCVmJOXuZsASY+jKpyO1YnmA7cCzFmW3Rx0HR9TuNSisMSMZKXXSkPYwyOBGyn\n7neErj0J1sPFivQ78nBPNH9L3TrGyiDXO+uvwogfOiAtAScV20w1Nd9FqdlBAhDR\nka50WCw2kBqo0dPpPLONE+4YncKTNaluXbci2tNR72Kn61vAbP4DRITBJoNFGnS7\nZOfFTEYf70S/ouXf91C6KzfQrFbhYfUYyB/kYpK+l9op1IkVUGbQ/Xe7lVkCNwOA\n+XIuG7qBXEQ2CnaTlOHGwR6hjhqNvxmOHEy+XF7yiwwfiRUPQ2B1vw/kAxvbG0i5\nDKY/PtWh0i3pLXHA/62Z2QWuUR1o2hh4cWR6KcjCYQex5sbtDe/a61sb4QNqYhes\n4Ue/9L1j+A4mMRlOuxoUG1l5XnYtp8rOkWRzS0IqbWnlDl5YIQoX2jYNQeCQ2pB8\nF3MJ188/82ZXpfFIfR9axd9TWa0xFCKPuFcq1KKyFpucyCcMlsECggEBAMJTmV+N\nn/MMJXO4FnxNk6e1x0ImHc7WnPsdqRuyD28mGyz/b5sKJdo+jvordSks+zmIgxPK\n/Oc6nAxxw2MSyJJlTtmHUzSx4Ga+JvE8a0Chwe10p7ZjBaNo7PrCkhW+mv1kk3mO\nHfjenqiE16qIrcd8M4IxWU651RGgTOWwLio0is2JsqtqhbjOIdhT2ZAYtTfhSYd5\n8GIj90cA85eZQtr8GuPVsexPYJEN8bUTifVW/LnNusw9GJLK3Yj6mv7yIGr/BNmu\nEiAXeQj7xvYOp+LexR1eUYn6k822IRgP9X1AEAiMMG2PmippUd/3rRczhafdNDuz\nwtd0LI1dMcCXcQ0CggEBANp1CB6+nIO0OdinhBz/9Lam91sr6M9gOU/I4c/6an6p\nwAFBTogAqPiE5Luo7Xx7YK/YEPG0/PBgjYkMuC7lOmwklGGC9UvgXlsxIC4tZdjT\nDdMdLop3FWH7W8FVGiiUe9qaR8ku0PiGJnmqBKBFHObRjN/5fqnIJzhi0OD6cz8e\nUpLsFD07zq25x21oEQPRb/qbk5xT4myCPGoZjMQxSh6NsN15F/7yET5Reux+oA+Q\nNBWQXXHFCmc7LAIYK4F8cC0Xi8JJtmFAzjloapNYRzYxDW3lXlctRvaRjjzQRQRi\nyhJvqBxmF4slDo6SWzsXhDKfONF4oeaBp2wkIopxvBUCggEBAIWwe+DID1VnctCk\nwhtsR3vmzBnPHUyySzdblX7vRj0Ca0nOxdpU5eu6hCTKBwV347IWH49bZBg0My1A\nito7Du/gcJmoxu6GvUoR4bqvBV5mqoMRcVxBzZw5UGfHujbpdbmEGw1SX35asa5g\nDftNoriN0uXry3Qk1tgUfzK5vVjd4uw6okfZtfuJHLG2JgRDa1DxVeO1WVI7SiB4\nIB2Ym+0J6fn6hzh694VzoWkg8xVtbdrqFWvzUFeU50oYls90hib2IUEcx216mJM8\nnAml1Yx4FAX7YH9be5nXhfcG663qh91JjPujAr3QzToXK+a9VGNDBG9aYV5Wl1v9\n1H+Z8HUCggEADfCl4gBb0HOxtUeLQKZ8oSMqaaD1rDYBsjupXTInlYmTfQED193i\n6mjgh7ER5n2g/9eTzTi1Y0ll/rbXEfcCsV/sMATBTmQ04TDTUt8Gvr1JBo24KJHM\nxYHaqw2ZK7m95YcuyYG5SAKXdfAJd4ixfXElwi0TjhX9mrWDirewnvh6YHG8IOQu\nHhvaw/p+C3ZT5PQEiVc4/Z+Z51NWDjbu+eAkxx0xEM21l/pvE6RI5nVXPYEG1Xmz\nXj8CYefU7uBX8CiufGljv/T4s+Ub1+csNCMRLlASoxF6k8VaBDtuDAeZyW9ilN1W\n50QoF6TzOWQYxXovj/5YpnLjkh0ELz1uuQKCAQEAj4MZ2lH5nu714i/wmCqzVHbk\nu5WXhC0ZskoXTVRG8rpZIkLliSLdSEUQ45tkyDsMxEINHMh6wN8ebbZ4diDejOFR\nBNp/gI305XQEps/m1YYe73Nb27xB0x7cWrEzac/oJ02X2FmgvkkGQXvT3K99Ufx9\ne/qUd+Bu+vZOIsHdaSSmL6IJ+nSqW8dQBPv+Ur4f3Pp8kHgh55TFPMLgvH5Uc6FB\nP5kFQLd1xswCnJVEMNTqNbJiLbC2vCxyJqb1gZL5r49aIZFD/LWcjw+D67nBOP8Y\n3QDd30Uw9X5r7AOdPaWilHcGryZVxmkKlx06DK5haMeQgMf1doQ50UJVRe2o5A==\n-----END RSA PRIVATE KEY-----\n",
      "type": "string",
      "sensitive": true
    }
  },
  "resources": [
    {
      "mode": "data",
      "type": "aws_ami",
      "name": "latest_amz_linux_ami",
      "provider": "provider[\"registry.terraform.io/hashicorp/aws\"]",
      "instances": [
        {
          "schema_version": 0,
          "attributes": {
            "architecture": "x86_64",
            "arn": "arn:aws:ec2:eu-west-2::image/ami-04b5f63f1e04f469b",
            "block_device_mappings": [
              {
                "device_name": "/dev/xvda",
                "ebs": {
                  "delete_on_termination": "true",
                  "encrypted": "false",
                  "iops": "0",
                  "snapshot_id": "snap-04c080bd1cc74e8a5",
                  "throughput": "0",
                  "volume_size": "8",
                  "volume_type": "gp2"
                },
                "no_device": "",
                "virtual_name": ""
              }
            ],
            "boot_mode": "",
            "creation_date": "2023-08-22T19:47:38.000Z",
            "deprecation_time": "2025-07-01T00:00:00.000Z",
            "description": "Amazon Linux 2 AMI 2.0.20230822.0 x86_64 HVM gp2",
            "ena_support": true,
            "executable_users": null,
            "filter": [
              {
                "name": "name",
                "values": [
                  "amzn2-ami-hvm-*"
                ]
              },
              {
                "name": "virtualization-type",
                "values": [
                  "hvm"
                ]
              }
            ],
            "hypervisor": "xen",
            "id": "ami-04b5f63f1e04f469b",
            "image_id": "ami-04b5f63f1e04f469b",
            "image_location": "amazon/amzn2-ami-hvm-2.0.20230822.0-x86_64-gp2",
            "image_owner_alias": "amazon",
            "image_type": "machine",
            "imds_support": "",
            "include_deprecated": false,
            "kernel_id": "",
            "most_recent": true,
            "name": "amzn2-ami-hvm-2.0.20230822.0-x86_64-gp2",
            "name_regex": null,
            "owner_id": "137112412989",
            "owners": [
              "amazon"
            ],
            "platform": "",
            "platform_details": "Linux/UNIX",
            "product_codes": [],
            "public": true,
            "ramdisk_id": "",
            "root_device_name": "/dev/xvda",
            "root_device_type": "ebs",
            "root_snapshot_id": "snap-04c080bd1cc74e8a5",
            "sriov_net_support": "simple",
            "state": "available",
            "state_reason": {
              "code": "UNSET",
              "message": "UNSET"
            },
            "tags": {},
            "timeouts": null,
            "tpm_support": "",
            "usage_operation": "RunInstances",
            "virtualization_type": "hvm"
          },
          "sensitive_attributes": []
        }
      ]
    },
    {
      "mode": "data",
      "type": "aws_availability_zones",
      "name": "available",
      "provider": "provider[\"registry.terraform.io/hashicorp/aws\"]",
      "instances": [
        {
          "schema_version": 0,
          "attributes": {
            "all_availability_zones": null,
            "exclude_names": null,
            "exclude_zone_ids": null,
            "filter": null,
            "group_names": [
              "eu-west-2"
            ],
            "id": "eu-west-2",
            "names": [
              "eu-west-2a",
              "eu-west-2b",
              "eu-west-2c"
            ],
            "state": null,
            "timeouts": null,
            "zone_ids": [
              "euw2-az2",
              "euw2-az3",
              "euw2-az1"
            ]
          },
          "sensitive_attributes": []
        }
      ]
    },
    {
      "mode": "data",
      "type": "aws_subnet",
      "name": "example",
      "provider": "provider[\"registry.terraform.io/hashicorp/aws\"]",
      "instances": [
        {
          "index_key": "subnet-0034bd1b26f8e9a00",
          "schema_version": 0,
          "attributes": {
            "arn": "arn:aws:ec2:eu-west-2:578120814996:subnet/subnet-0034bd1b26f8e9a00",
            "assign_ipv6_address_on_creation": false,
            "availability_zone": "eu-west-2c",
            "availability_zone_id": "euw2-az1",
            "available_ip_address_count": 4090,
            "cidr_block": "172.31.96.0/20",
            "customer_owned_ipv4_pool": "",
            "default_for_az": false,
            "enable_dns64": false,
            "enable_lni_at_device_index": 0,
            "enable_resource_name_dns_a_record_on_launch": false,
            "enable_resource_name_dns_aaaa_record_on_launch": false,
            "filter": null,
            "id": "subnet-0034bd1b26f8e9a00",
            "ipv6_cidr_block": "",
            "ipv6_cidr_block_association_id": "",
            "ipv6_native": false,
            "map_customer_owned_ip_on_launch": false,
            "map_public_ip_on_launch": true,
            "outpost_arn": "",
            "owner_id": "578120814996",
            "private_dns_hostname_type_on_launch": "ip-name",
            "state": "available",
            "tags": {
              "Environment": "dev",
              "Name": "public-subnet"
            },
            "timeouts": null,
            "vpc_id": "vpc-3a6c3152"
          },
          "sensitive_attributes": []
        },
        {
          "index_key": "subnet-01d3f40be159f1dc5",
          "schema_version": 0,
          "attributes": {
            "arn": "arn:aws:ec2:eu-west-2:578120814996:subnet/subnet-01d3f40be159f1dc5",
            "assign_ipv6_address_on_creation": false,
            "availability_zone": "eu-west-2a",
            "availability_zone_id": "euw2-az2",
            "available_ip_address_count": 4090,
            "cidr_block": "172.31.48.0/20",
            "customer_owned_ipv4_pool": "",
            "default_for_az": false,
            "enable_dns64": false,
            "enable_lni_at_device_index": 0,
            "enable_resource_name_dns_a_record_on_launch": false,
            "enable_resource_name_dns_aaaa_record_on_launch": false,
            "filter": null,
            "id": "subnet-01d3f40be159f1dc5",
            "ipv6_cidr_block": "",
            "ipv6_cidr_block_association_id": "",
            "ipv6_native": false,
            "map_customer_owned_ip_on_launch": false,
            "map_public_ip_on_launch": false,
            "outpost_arn": "",
            "owner_id": "578120814996",
            "private_dns_hostname_type_on_launch": "ip-name",
            "state": "available",
            "tags": {
              "Environment": "dev",
              "Name": "private-subnet"
            },
            "timeouts": null,
            "vpc_id": "vpc-3a6c3152"
          },
          "sensitive_attributes": []
        },
        {
          "index_key": "subnet-3cffd855",
          "schema_version": 0,
          "attributes": {
            "arn": "arn:aws:ec2:eu-west-2:578120814996:subnet/subnet-3cffd855",
            "assign_ipv6_address_on_creation": false,
            "availability_zone": "eu-west-2c",
            "availability_zone_id": "euw2-az1",
            "available_ip_address_count": 4091,
            "cidr_block": "172.31.0.0/20",
            "customer_owned_ipv4_pool": "",
            "default_for_az": true,
            "enable_dns64": false,
            "enable_lni_at_device_index": 0,
            "enable_resource_name_dns_a_record_on_launch": false,
            "enable_resource_name_dns_aaaa_record_on_launch": false,
            "filter": null,
            "id": "subnet-3cffd855",
            "ipv6_cidr_block": "",
            "ipv6_cidr_block_association_id": "",
            "ipv6_native": false,
            "map_customer_owned_ip_on_launch": false,
            "map_public_ip_on_launch": true,
            "outpost_arn": "",
            "owner_id": "578120814996",
            "private_dns_hostname_type_on_launch": "ip-name",
            "state": "available",
            "tags": {},
            "timeouts": null,
            "vpc_id": "vpc-3a6c3152"
          },
          "sensitive_attributes": []
        },
        {
          "index_key": "subnet-6cfc4d20",
          "schema_version": 0,
          "attributes": {
            "arn": "arn:aws:ec2:eu-west-2:578120814996:subnet/subnet-6cfc4d20",
            "assign_ipv6_address_on_creation": false,
            "availability_zone": "eu-west-2b",
            "availability_zone_id": "euw2-az3",
            "available_ip_address_count": 4091,
            "cidr_block": "172.31.32.0/20",
            "customer_owned_ipv4_pool": "",
            "default_for_az": true,
            "enable_dns64": false,
            "enable_lni_at_device_index": 0,
            "enable_resource_name_dns_a_record_on_launch": false,
            "enable_resource_name_dns_aaaa_record_on_launch": false,
            "filter": null,
            "id": "subnet-6cfc4d20",
            "ipv6_cidr_block": "",
            "ipv6_cidr_block_association_id": "",
            "ipv6_native": false,
            "map_customer_owned_ip_on_launch": false,
            "map_public_ip_on_launch": true,
            "outpost_arn": "",
            "owner_id": "578120814996",
            "private_dns_hostname_type_on_launch": "ip-name",
            "state": "available",
            "tags": {},
            "timeouts": null,
            "vpc_id": "vpc-3a6c3152"
          },
          "sensitive_attributes": []
        },
        {
          "index_key": "subnet-fd462587",
          "schema_version": 0,
          "attributes": {
            "arn": "arn:aws:ec2:eu-west-2:578120814996:subnet/subnet-fd462587",
            "assign_ipv6_address_on_creation": false,
            "availability_zone": "eu-west-2a",
            "availability_zone_id": "euw2-az2",
            "available_ip_address_count": 4090,
            "cidr_block": "172.31.16.0/20",
            "customer_owned_ipv4_pool": "",
            "default_for_az": true,
            "enable_dns64": false,
            "enable_lni_at_device_index": 0,
            "enable_resource_name_dns_a_record_on_launch": false,
            "enable_resource_name_dns_aaaa_record_on_launch": false,
            "filter": null,
            "id": "subnet-fd462587",
            "ipv6_cidr_block": "",
            "ipv6_cidr_block_association_id": "",
            "ipv6_native": false,
            "map_customer_owned_ip_on_launch": false,
            "map_public_ip_on_launch": true,
            "outpost_arn": "",
            "owner_id": "578120814996",
            "private_dns_hostname_type_on_launch": "ip-name",
            "state": "available",
            "tags": {},
            "timeouts": null,
            "vpc_id": "vpc-3a6c3152"
          },
          "sensitive_attributes": []
        }
      ]
    },
    {
      "mode": "data",
      "type": "aws_subnets",
      "name": "all",
      "provider": "provider[\"registry.terraform.io/hashicorp/aws\"]",
      "instances": [
        {
          "schema_version": 0,
          "attributes": {
            "filter": [
              {
                "name": "vpc-id",
                "values": [
                  "vpc-3a6c3152"
                ]
              }
            ],
            "id": "eu-west-2",
            "ids": [
              "subnet-01d3f40be159f1dc5",
              "subnet-0034bd1b26f8e9a00",
              "subnet-3cffd855",
              "subnet-fd462587",
              "subnet-6cfc4d20"
            ],
            "tags": null,
            "timeouts": null
          },
          "sensitive_attributes": []
        }
      ]
    },
    {
      "mode": "data",
      "type": "aws_vpc",
      "name": "default",
      "provider": "provider[\"registry.terraform.io/hashicorp/aws\"]",
      "instances": [
        {
          "schema_version": 0,
          "attributes": {
            "arn": "arn:aws:ec2:eu-west-2:578120814996:vpc/vpc-3a6c3152",
            "cidr_block": "172.31.0.0/16",
            "cidr_block_associations": [
              {
                "association_id": "vpc-cidr-assoc-b5a590dd",
                "cidr_block": "172.31.0.0/16",
                "state": "associated"
              }
            ],
            "default": true,
            "dhcp_options_id": "dopt-0443776c",
            "enable_dns_hostnames": true,
            "enable_dns_support": true,
            "enable_network_address_usage_metrics": false,
            "filter": null,
            "id": "vpc-3a6c3152",
            "instance_tenancy": "default",
            "ipv6_association_id": "",
            "ipv6_cidr_block": "",
            "main_route_table_id": "rtb-d78c82bf",
            "owner_id": "578120814996",
            "state": null,
            "tags": {},
            "timeouts": null
          },
          "sensitive_attributes": []
        }
      ]
    },
    {
      "mode": "managed",
      "type": "aws_eip",
      "name": "nat_eip",
      "provider": "provider[\"registry.terraform.io/hashicorp/aws\"]",
      "instances": [
        {
          "schema_version": 0,
          "attributes": {
            "address": null,
            "allocation_id": "eipalloc-0f89afaf62a7a8105",
            "associate_with_private_ip": null,
            "association_id": "eipassoc-0bd22d54423549d31",
            "carrier_ip": "",
            "customer_owned_ip": "",
            "customer_owned_ipv4_pool": "",
            "domain": "vpc",
            "id": "eipalloc-0f89afaf62a7a8105",
            "instance": "",
            "network_border_group": "eu-west-2",
            "network_interface": "eni-0f1f693a2c55848bd",
            "private_dns": "ip-172-31-105-67.eu-west-2.compute.internal",
            "private_ip": "172.31.105.67",
            "public_dns": "ec2-52-56-252-214.eu-west-2.compute.amazonaws.com",
            "public_ip": "52.56.252.214",
            "public_ipv4_pool": "amazon",
            "tags": {},
            "tags_all": {},
            "timeouts": null,
            "vpc": true
          },
          "sensitive_attributes": [],
          "private": "eyJlMmJmYjczMC1lY2FhLTExZTYtOGY4OC0zNDM2M2JjN2M0YzAiOnsiZGVsZXRlIjoxODAwMDAwMDAwMDAsInJlYWQiOjkwMDAwMDAwMDAwMCwidXBkYXRlIjozMDAwMDAwMDAwMDB9fQ=="
        }
      ]
    },
    {
      "mode": "managed",
      "type": "aws_iam_instance_profile",
      "name": "example",
      "provider": "provider[\"registry.terraform.io/hashicorp/aws\"]",
      "instances": [
        {
          "schema_version": 0,
          "attributes": {
            "arn": "arn:aws:iam::578120814996:instance-profile/ec2-execution-instance-profile",
            "create_date": "2023-09-02T20:09:04Z",
            "id": "ec2-execution-instance-profile",
            "name": "ec2-execution-instance-profile",
            "name_prefix": "",
            "path": "/",
            "role": "execution-role",
            "tags": {},
            "tags_all": {},
            "unique_id": "AIPAYNGVPSGKFCSSOLLCG"
          },
          "sensitive_attributes": [],
          "private": "bnVsbA=="
        }
      ]
    },
    {
      "mode": "managed",
      "type": "aws_iam_policy",
      "name": "allow_ec2_connect",
      "provider": "provider[\"registry.terraform.io/hashicorp/aws\"]",
      "instances": [
        {
          "schema_version": 0,
          "attributes": {
            "arn": "arn:aws:iam::578120814996:policy/allow-ec2-instance-connect",
            "description": "Policy to allow EC2 Instance Connect",
            "id": "arn:aws:iam::578120814996:policy/allow-ec2-instance-connect",
            "name": "allow-ec2-instance-connect",
            "name_prefix": "",
            "path": "/",
            "policy": "{\"Statement\":[{\"Action\":\"ec2-instance-connect:SendSSHPublicKey\",\"Effect\":\"Allow\",\"Resource\":\"*\"}],\"Version\":\"2012-10-17\"}",
            "policy_id": "ANPAYNGVPSGKK464FZN7M",
            "tags": {},
            "tags_all": {}
          },
          "sensitive_attributes": [],
          "private": "bnVsbA=="
        }
      ]
    },
    {
      "mode": "managed",
      "type": "aws_iam_role_policy_attachment",
      "name": "attach_ec2_connect_policy",
      "provider": "provider[\"registry.terraform.io/hashicorp/aws\"]",
      "instances": [
        {
          "schema_version": 0,
          "attributes": {
            "id": "execution-role-20230902200903102600000001",
            "policy_arn": "arn:aws:iam::578120814996:policy/allow-ec2-instance-connect",
            "role": "execution-role"
          },
          "sensitive_attributes": [],
          "private": "bnVsbA==",
          "dependencies": [
            "aws_iam_policy.allow_ec2_connect"
          ]
        }
      ]
    },
    {
      "mode": "managed",
      "type": "aws_instance",
      "name": "private_instance",
      "provider": "provider[\"registry.terraform.io/hashicorp/aws\"]",
      "instances": [
        {
          "schema_version": 1,
          "attributes": {
            "ami": "ami-04b5f63f1e04f469b",
            "arn": "arn:aws:ec2:eu-west-2:578120814996:instance/i-0cd4971eb9a761b71",
            "associate_public_ip_address": false,
            "availability_zone": "eu-west-2a",
            "capacity_reservation_specification": [
              {
                "capacity_reservation_preference": "open",
                "capacity_reservation_target": []
              }
            ],
            "cpu_core_count": 1,
            "cpu_options": [
              {
                "amd_sev_snp": "",
                "core_count": 1,
                "threads_per_core": 1
              }
            ],
            "cpu_threads_per_core": 1,
            "credit_specification": [
              {
                "cpu_credits": "standard"
              }
            ],
            "disable_api_stop": false,
            "disable_api_termination": false,
            "ebs_block_device": [],
            "ebs_optimized": false,
            "enclave_options": [
              {
                "enabled": false
              }
            ],
            "ephemeral_block_device": [],
            "get_password_data": false,
            "hibernation": false,
            "host_id": "",
            "host_resource_group_arn": null,
            "iam_instance_profile": "",
            "id": "i-0cd4971eb9a761b71",
            "instance_initiated_shutdown_behavior": "stop",
            "instance_lifecycle": "",
            "instance_market_options": [],
            "instance_state": "running",
            "instance_type": "t2.micro",
            "ipv6_address_count": 0,
            "ipv6_addresses": [],
            "key_name": "my_key_pair",
            "launch_template": [],
            "maintenance_options": [
              {
                "auto_recovery": "default"
              }
            ],
            "metadata_options": [
              {
                "http_endpoint": "enabled",
                "http_protocol_ipv6": "disabled",
                "http_put_response_hop_limit": 1,
                "http_tokens": "optional",
                "instance_metadata_tags": "disabled"
              }
            ],
            "monitoring": false,
            "network_interface": [],
            "outpost_arn": "",
            "password_data": "",
            "placement_group": "",
            "placement_partition_number": 0,
            "primary_network_interface_id": "eni-0b9bda3da6e9c991d",
            "private_dns": "ip-172-31-62-88.eu-west-2.compute.internal",
            "private_dns_name_options": [
              {
                "enable_resource_name_dns_a_record": false,
                "enable_resource_name_dns_aaaa_record": false,
                "hostname_type": "ip-name"
              }
            ],
            "private_ip": "172.31.62.88",
            "public_dns": "",
            "public_ip": "",
            "root_block_device": [
              {
                "delete_on_termination": true,
                "device_name": "/dev/xvda",
                "encrypted": false,
                "iops": 100,
                "kms_key_id": "",
                "tags": {},
                "throughput": 0,
                "volume_id": "vol-02c72832f41590b57",
                "volume_size": 8,
                "volume_type": "gp2"
              }
            ],
            "secondary_private_ips": [],
            "security_groups": [
              "dev-private-sg"
            ],
            "source_dest_check": true,
            "spot_instance_request_id": "",
            "subnet_id": "subnet-01d3f40be159f1dc5",
            "tags": {
              "Name": "ec2-dev-private-instance"
            },
            "tags_all": {
              "Name": "ec2-dev-private-instance"
            },
            "tenancy": "default",
            "timeouts": null,
            "user_data": null,
            "user_data_base64": null,
            "user_data_replace_on_change": false,
            "volume_tags": null,
            "vpc_security_group_ids": [
              "sg-06483f31e87ea6b07"
            ]
          },
          "sensitive_attributes": [],
          "private": "eyJlMmJmYjczMC1lY2FhLTExZTYtOGY4OC0zNDM2M2JjN2M0YzAiOnsiY3JlYXRlIjo2MDAwMDAwMDAwMDAsImRlbGV0ZSI6MTIwMDAwMDAwMDAwMCwidXBkYXRlIjo2MDAwMDAwMDAwMDB9LCJzY2hlbWFfdmVyc2lvbiI6IjEifQ==",
          "dependencies": [
            "aws_key_pair.generated_key_pair",
            "aws_security_group.private_sg",
            "aws_subnet.private_subnet",
            "data.aws_ami.latest_amz_linux_ami",
            "data.aws_vpc.default",
            "tls_private_key.example_ssh"
          ]
        }
      ]
    },
    {
      "mode": "managed",
      "type": "aws_instance",
      "name": "public_instance",
      "provider": "provider[\"registry.terraform.io/hashicorp/aws\"]",
      "instances": [
        {
          "schema_version": 1,
          "attributes": {
            "ami": "ami-04b5f63f1e04f469b",
            "arn": "arn:aws:ec2:eu-west-2:578120814996:instance/i-03853739f6263c681",
            "associate_public_ip_address": true,
            "availability_zone": "eu-west-2a",
            "capacity_reservation_specification": [
              {
                "capacity_reservation_preference": "open",
                "capacity_reservation_target": []
              }
            ],
            "cpu_core_count": 1,
            "cpu_options": [
              {
                "amd_sev_snp": "",
                "core_count": 1,
                "threads_per_core": 1
              }
            ],
            "cpu_threads_per_core": 1,
            "credit_specification": [
              {
                "cpu_credits": "standard"
              }
            ],
            "disable_api_stop": false,
            "disable_api_termination": false,
            "ebs_block_device": [],
            "ebs_optimized": false,
            "enclave_options": [
              {
                "enabled": false
              }
            ],
            "ephemeral_block_device": [],
            "get_password_data": false,
            "hibernation": false,
            "host_id": "",
            "host_resource_group_arn": null,
            "iam_instance_profile": "ec2-execution-instance-profile",
            "id": "i-03853739f6263c681",
            "instance_initiated_shutdown_behavior": "stop",
            "instance_lifecycle": "",
            "instance_market_options": [],
            "instance_state": "running",
            "instance_type": "t2.micro",
            "ipv6_address_count": 0,
            "ipv6_addresses": [],
            "key_name": "my_key_pair",
            "launch_template": [],
            "maintenance_options": [
              {
                "auto_recovery": "default"
              }
            ],
            "metadata_options": [
              {
                "http_endpoint": "enabled",
                "http_protocol_ipv6": "disabled",
                "http_put_response_hop_limit": 1,
                "http_tokens": "optional",
                "instance_metadata_tags": "disabled"
              }
            ],
            "monitoring": false,
            "network_interface": [],
            "outpost_arn": "",
            "password_data": "",
            "placement_group": "",
            "placement_partition_number": 0,
            "primary_network_interface_id": "eni-090d98c665775d387",
            "private_dns": "ip-172-31-30-246.eu-west-2.compute.internal",
            "private_dns_name_options": [
              {
                "enable_resource_name_dns_a_record": false,
                "enable_resource_name_dns_aaaa_record": false,
                "hostname_type": "ip-name"
              }
            ],
            "private_ip": "172.31.30.246",
            "public_dns": "ec2-18-133-239-76.eu-west-2.compute.amazonaws.com",
            "public_ip": "18.133.239.76",
            "root_block_device": [
              {
                "delete_on_termination": true,
                "device_name": "/dev/xvda",
                "encrypted": false,
                "iops": 100,
                "kms_key_id": "",
                "tags": {},
                "throughput": 0,
                "volume_id": "vol-09c62c1e94d1b31b9",
                "volume_size": 8,
                "volume_type": "gp2"
              }
            ],
            "secondary_private_ips": [],
            "security_groups": [
              "dev-private-sg"
            ],
            "source_dest_check": true,
            "spot_instance_request_id": "",
            "subnet_id": "subnet-fd462587",
            "tags": {
              "Name": "ec2-dev-public-instance"
            },
            "tags_all": {
              "Name": "ec2-dev-public-instance"
            },
            "tenancy": "default",
            "timeouts": null,
            "user_data": "fb0fe978b87f1e2a354d63ddaa1311f303ec505b",
            "user_data_base64": null,
            "user_data_replace_on_change": false,
            "volume_tags": null,
            "vpc_security_group_ids": [
              "sg-06483f31e87ea6b07"
            ]
          },
          "sensitive_attributes": [],
          "private": "eyJlMmJmYjczMC1lY2FhLTExZTYtOGY4OC0zNDM2M2JjN2M0YzAiOnsiY3JlYXRlIjo2MDAwMDAwMDAwMDAsImRlbGV0ZSI6MTIwMDAwMDAwMDAwMCwidXBkYXRlIjo2MDAwMDAwMDAwMDB9LCJzY2hlbWFfdmVyc2lvbiI6IjEifQ==",
          "dependencies": [
            "aws_iam_instance_profile.example",
            "aws_key_pair.generated_key_pair",
            "aws_security_group.private_sg",
            "data.aws_ami.latest_amz_linux_ami",
            "data.aws_vpc.default",
            "tls_private_key.example_ssh"
          ]
        }
      ]
    },
    {
      "mode": "managed",
      "type": "aws_key_pair",
      "name": "generated_key_pair",
      "provider": "provider[\"registry.terraform.io/hashicorp/aws\"]",
      "instances": [
        {
          "schema_version": 1,
          "attributes": {
            "arn": "arn:aws:ec2:eu-west-2:578120814996:key-pair/my_key_pair",
            "fingerprint": "8b:b2:58:3d:0c:e5:d1:d8:e2:22:28:ff:8c:d6:fb:8b",
            "id": "my_key_pair",
            "key_name": "my_key_pair",
            "key_name_prefix": "",
            "key_pair_id": "key-0876164da4a389b01",
            "key_type": "rsa",
            "public_key": "ssh-rsa AAAAB3NzaC1yc2EAAAADAQABAAACAQCl1Ab6ao2/cfxMWJpXze0ZZ1DVenO4V9j2bbdjZWLKiKtXZ64P5vJ4Ds4/mwjaq6QifbH1wkd/r410kNCxK6jnE00JRyxtmHMhA+9e+SFckpVW9YWcaW1a70em0dJ6OKsBnHpF6RLV9sg2z6ksRnJZqt07SVrsbz2o3X9o1Mhih44j/33/w8wwbytb6GJCKGFm+zZCz+ond8x39FG16nVFRFqbiqkBAZGP0rIT2tlNiSW4BE3ZN4eNkph8omLZfXNmpwqkLJuwyoISOxj7j0W61kywRUa7WmD5iVbSlyQaHlSu4cTgFsRFGj3Dk0RXgBpLPtZHgZ2TVAi7/3RD0AlGejyCwXOoiIsRRSD+t/q89sVT3cWKdv93+cWDcWNg8jKaxb4Gj1jcNpvFosc7OzLmsW6EvmF5jEVaSSXZipoXimUqXxp7WI65W7y9T7YlC7EQr0n2diBtZHqRvRViP81biYE248bakZYbreljemyg+T/yd6wxcd1qm5UEwmoCDF0lKUw3u1D664uCfeM1hKAmCH5ESavmYpslw+JfPjFQ/EyJjwLvL/uPBJF46Hb+RpRVJLt8aUImmdGkBE7Z5kfsS9gqE1vad02dCAlO5kq+zp9UGtmekENKI1Rsiq3Qeg+v/lyleBCgwBpISl58p9e96ftiIm4Q68N5T6wH7C7SEQ==",
            "tags": {},
            "tags_all": {}
          },
          "sensitive_attributes": [],
          "private": "eyJzY2hlbWFfdmVyc2lvbiI6IjEifQ==",
          "dependencies": [
            "tls_private_key.example_ssh"
          ]
        }
      ]
    },
    {
      "mode": "managed",
      "type": "aws_nat_gateway",
      "name": "nat_gw",
      "provider": "provider[\"registry.terraform.io/hashicorp/aws\"]",
      "instances": [
        {
          "schema_version": 0,
          "attributes": {
            "allocation_id": "eipalloc-0f89afaf62a7a8105",
            "association_id": "eipassoc-0bd22d54423549d31",
            "connectivity_type": "public",
            "id": "nat-068f5c131c67a9abf",
            "network_interface_id": "eni-0f1f693a2c55848bd",
            "private_ip": "172.31.105.67",
            "public_ip": "52.56.252.214",
            "secondary_allocation_ids": [],
            "secondary_private_ip_address_count": 0,
            "secondary_private_ip_addresses": [],
            "subnet_id": "subnet-0034bd1b26f8e9a00",
            "tags": {
              "Name": "dev-nat-gateway"
            },
            "tags_all": {
              "Name": "dev-nat-gateway"
            },
            "timeouts": null
          },
          "sensitive_attributes": [],
          "private": "eyJlMmJmYjczMC1lY2FhLTExZTYtOGY4OC0zNDM2M2JjN2M0YzAiOnsiY3JlYXRlIjo2MDAwMDAwMDAwMDAsImRlbGV0ZSI6MTgwMDAwMDAwMDAwMCwidXBkYXRlIjo2MDAwMDAwMDAwMDB9fQ==",
          "dependencies": [
            "aws_eip.nat_eip",
            "aws_subnet.public_subnet",
            "data.aws_vpc.default"
          ]
        }
      ]
    },
    {
      "mode": "managed",
      "type": "aws_route_table",
      "name": "private_route_table",
      "provider": "provider[\"registry.terraform.io/hashicorp/aws\"]",
      "instances": [
        {
          "schema_version": 0,
          "attributes": {
            "arn": "arn:aws:ec2:eu-west-2:578120814996:route-table/rtb-0201f4f3436df516d",
            "id": "rtb-0201f4f3436df516d",
            "owner_id": "578120814996",
            "propagating_vgws": [],
            "route": [
              {
                "carrier_gateway_id": "",
                "cidr_block": "0.0.0.0/0",
                "core_network_arn": "",
                "destination_prefix_list_id": "",
                "egress_only_gateway_id": "",
                "gateway_id": "",
                "ipv6_cidr_block": "",
                "local_gateway_id": "",
                "nat_gateway_id": "nat-068f5c131c67a9abf",
                "network_interface_id": "",
                "transit_gateway_id": "",
                "vpc_endpoint_id": "",
                "vpc_peering_connection_id": ""
              }
            ],
            "tags": {
              "Environment": "dev",
              "Name": "my-route-table"
            },
            "tags_all": {
              "Environment": "dev",
              "Name": "my-route-table"
            },
            "timeouts": null,
            "vpc_id": "vpc-3a6c3152"
          },
          "sensitive_attributes": [],
          "private": "eyJlMmJmYjczMC1lY2FhLTExZTYtOGY4OC0zNDM2M2JjN2M0YzAiOnsiY3JlYXRlIjozMDAwMDAwMDAwMDAsImRlbGV0ZSI6MzAwMDAwMDAwMDAwLCJ1cGRhdGUiOjEyMDAwMDAwMDAwMH19",
          "dependencies": [
            "aws_eip.nat_eip",
            "aws_nat_gateway.nat_gw",
            "aws_subnet.public_subnet",
            "data.aws_vpc.default"
          ]
        }
      ]
    },
    {
      "mode": "managed",
      "type": "aws_route_table_association",
      "name": "my_route_table_association",
      "provider": "provider[\"registry.terraform.io/hashicorp/aws\"]",
      "instances": [
        {
          "schema_version": 0,
          "attributes": {
            "gateway_id": "",
            "id": "rtbassoc-0603aef87acc0bed3",
            "route_table_id": "rtb-0201f4f3436df516d",
            "subnet_id": "subnet-01d3f40be159f1dc5",
            "timeouts": null
          },
          "sensitive_attributes": [],
          "private": "eyJlMmJmYjczMC1lY2FhLTExZTYtOGY4OC0zNDM2M2JjN2M0YzAiOnsiY3JlYXRlIjozMDAwMDAwMDAwMDAsImRlbGV0ZSI6MzAwMDAwMDAwMDAwLCJ1cGRhdGUiOjEyMDAwMDAwMDAwMH19",
          "dependencies": [
            "aws_eip.nat_eip",
            "aws_nat_gateway.nat_gw",
            "aws_route_table.private_route_table",
            "aws_subnet.private_subnet",
            "aws_subnet.public_subnet",
            "data.aws_vpc.default"
          ]
        }
      ]
    },
    {
      "mode": "managed",
      "type": "aws_security_group",
      "name": "private_sg",
      "provider": "provider[\"registry.terraform.io/hashicorp/aws\"]",
      "instances": [
        {
          "schema_version": 1,
          "attributes": {
            "arn": "arn:aws:ec2:eu-west-2:578120814996:security-group/sg-06483f31e87ea6b07",
            "description": "Private security group",
            "egress": [
              {
                "cidr_blocks": [
                  "0.0.0.0/0"
                ],
                "description": "",
                "from_port": 443,
                "ipv6_cidr_blocks": [],
                "prefix_list_ids": [],
                "protocol": "tcp",
                "security_groups": [],
                "self": false,
                "to_port": 443
              },
              {
                "cidr_blocks": [
                  "0.0.0.0/0"
                ],
                "description": "",
                "from_port": 80,
                "ipv6_cidr_blocks": [],
                "prefix_list_ids": [],
                "protocol": "tcp",
                "security_groups": [],
                "self": false,
                "to_port": 80
              },
              {
                "cidr_blocks": [],
                "description": "",
                "from_port": 22,
                "ipv6_cidr_blocks": [],
                "prefix_list_ids": [],
                "protocol": "tcp",
                "security_groups": [],
                "self": true,
                "to_port": 22
              }
            ],
            "id": "sg-06483f31e87ea6b07",
            "ingress": [
              {
                "cidr_blocks": [
                  "0.0.0.0/0"
                ],
                "description": "",
                "from_port": 22,
                "ipv6_cidr_blocks": [],
                "prefix_list_ids": [],
                "protocol": "tcp",
                "security_groups": [],
                "self": false,
                "to_port": 22
              },
              {
                "cidr_blocks": [],
                "description": "",
                "from_port": 22,
                "ipv6_cidr_blocks": [],
                "prefix_list_ids": [],
                "protocol": "tcp",
                "security_groups": [],
                "self": true,
                "to_port": 22
              }
            ],
            "name": "dev-private-sg",
            "name_prefix": "",
            "owner_id": "578120814996",
            "revoke_rules_on_delete": false,
            "tags": {},
            "tags_all": {},
            "timeouts": null,
            "vpc_id": "vpc-3a6c3152"
          },
          "sensitive_attributes": [],
          "private": "eyJlMmJmYjczMC1lY2FhLTExZTYtOGY4OC0zNDM2M2JjN2M0YzAiOnsiY3JlYXRlIjo2MDAwMDAwMDAwMDAsImRlbGV0ZSI6OTAwMDAwMDAwMDAwfSwic2NoZW1hX3ZlcnNpb24iOiIxIn0=",
          "dependencies": [
            "data.aws_vpc.default"
          ]
        }
      ]
    },
    {
      "mode": "managed",
      "type": "aws_subnet",
      "name": "private_subnet",
      "provider": "provider[\"registry.terraform.io/hashicorp/aws\"]",
      "instances": [
        {
          "schema_version": 1,
          "attributes": {
            "arn": "arn:aws:ec2:eu-west-2:578120814996:subnet/subnet-01d3f40be159f1dc5",
            "assign_ipv6_address_on_creation": false,
            "availability_zone": "eu-west-2a",
            "availability_zone_id": "euw2-az2",
            "cidr_block": "172.31.48.0/20",
            "customer_owned_ipv4_pool": "",
            "enable_dns64": false,
            "enable_lni_at_device_index": 0,
            "enable_resource_name_dns_a_record_on_launch": false,
            "enable_resource_name_dns_aaaa_record_on_launch": false,
            "id": "subnet-01d3f40be159f1dc5",
            "ipv6_cidr_block": "",
            "ipv6_cidr_block_association_id": "",
            "ipv6_native": false,
            "map_customer_owned_ip_on_launch": false,
            "map_public_ip_on_launch": false,
            "outpost_arn": "",
            "owner_id": "578120814996",
            "private_dns_hostname_type_on_launch": "ip-name",
            "tags": {
              "Environment": "dev",
              "Name": "private-subnet"
            },
            "tags_all": {
              "Environment": "dev",
              "Name": "private-subnet"
            },
            "timeouts": null,
            "vpc_id": "vpc-3a6c3152"
          },
          "sensitive_attributes": [],
          "private": "eyJlMmJmYjczMC1lY2FhLTExZTYtOGY4OC0zNDM2M2JjN2M0YzAiOnsiY3JlYXRlIjo2MDAwMDAwMDAwMDAsImRlbGV0ZSI6MTIwMDAwMDAwMDAwMH0sInNjaGVtYV92ZXJzaW9uIjoiMSJ9",
          "dependencies": [
            "data.aws_vpc.default"
          ]
        }
      ]
    },
    {
      "mode": "managed",
      "type": "aws_subnet",
      "name": "public_subnet",
      "provider": "provider[\"registry.terraform.io/hashicorp/aws\"]",
      "instances": [
        {
          "schema_version": 1,
          "attributes": {
            "arn": "arn:aws:ec2:eu-west-2:578120814996:subnet/subnet-0034bd1b26f8e9a00",
            "assign_ipv6_address_on_creation": false,
            "availability_zone": "eu-west-2c",
            "availability_zone_id": "euw2-az1",
            "cidr_block": "172.31.96.0/20",
            "customer_owned_ipv4_pool": "",
            "enable_dns64": false,
            "enable_lni_at_device_index": 0,
            "enable_resource_name_dns_a_record_on_launch": false,
            "enable_resource_name_dns_aaaa_record_on_launch": false,
            "id": "subnet-0034bd1b26f8e9a00",
            "ipv6_cidr_block": "",
            "ipv6_cidr_block_association_id": "",
            "ipv6_native": false,
            "map_customer_owned_ip_on_launch": false,
            "map_public_ip_on_launch": true,
            "outpost_arn": "",
            "owner_id": "578120814996",
            "private_dns_hostname_type_on_launch": "ip-name",
            "tags": {
              "Environment": "dev",
              "Name": "public-subnet"
            },
            "tags_all": {
              "Environment": "dev",
              "Name": "public-subnet"
            },
            "timeouts": null,
            "vpc_id": "vpc-3a6c3152"
          },
          "sensitive_attributes": [],
          "private": "eyJlMmJmYjczMC1lY2FhLTExZTYtOGY4OC0zNDM2M2JjN2M0YzAiOnsiY3JlYXRlIjo2MDAwMDAwMDAwMDAsImRlbGV0ZSI6MTIwMDAwMDAwMDAwMH0sInNjaGVtYV92ZXJzaW9uIjoiMSJ9",
          "dependencies": [
            "data.aws_vpc.default"
          ]
        }
      ]
    },
    {
      "mode": "managed",
      "type": "tls_private_key",
      "name": "example_ssh",
      "provider": "provider[\"registry.terraform.io/hashicorp/tls\"]",
      "instances": [
        {
          "schema_version": 1,
          "attributes": {
            "algorithm": "RSA",
            "ecdsa_curve": "P224",
            "id": "4fecff8b1b247d29816ca2019fa46402f4b1f784",
            "private_key_openssh": "-----BEGIN OPENSSH PRIVATE KEY-----\nb3BlbnNzaC1rZXktdjEAAAAABG5vbmUAAAAEbm9uZQAAAAAAAAABAAACFwAAAAdz\nc2gtcnNhAAAAAwEAAQAAAgEApdQG+mqNv3H8TFiaV83tGWdQ1XpzuFfY9m23Y2Vi\nyoirV2euD+byeA7OP5sI2qukIn2x9cJHf6+NdJDQsSuo5xNNCUcsbZhzIQPvXvkh\nXJKVVvWFnGltWu9HptHSejirAZx6RekS1fbINs+pLEZyWardO0la7G89qN1/aNTI\nYoeOI/99/8PMMG8rW+hiQihhZvs2Qs/qJ3fMd/RRtep1RURam4qpAQGRj9KyE9rZ\nTYkluARN2TeHjZKYfKJi2X1zZqcKpCybsMqCEjsY+49FutZMsEVGu1pg+YlW0pck\nGh5UruHE4BbERRo9w5NEV4AaSz7WR4Gdk1QIu/90Q9AJRno8gsFzqIiLEUUg/rf6\nvPbFU93Finb/d/nFg3FjYPIymsW+Bo9Y3DabxaLHOzsy5rFuhL5heYxFWkkl2Yqa\nF4plKl8ae1iOuVu8vU+2JQuxEK9J9nYgbWR6kb0VYj/NW4mBNuPG2pGWG63pY3ps\noPk/8nesMXHdapuVBMJqAgxdJSlMN7tQ+uuLgn3jNYSgJgh+REmr5mKbJcPiXz4x\nUPxMiY8C7y/7jwSReOh2/kaUVSS7fGlCJpnRpARO2eZH7EvYKhNb2ndNnQgJTuZK\nvs6fVBrZnpBDSiNUbIqt0HoPr/5cpXgQoMAaSEpefKfXven7YiJuEOvDeU+sB+wu\n0hEAAAc40MgXIdDIFyEAAAAHc3NoLXJzYQAAAgEApdQG+mqNv3H8TFiaV83tGWdQ\n1XpzuFfY9m23Y2ViyoirV2euD+byeA7OP5sI2qukIn2x9cJHf6+NdJDQsSuo5xNN\nCUcsbZhzIQPvXvkhXJKVVvWFnGltWu9HptHSejirAZx6RekS1fbINs+pLEZyWard\nO0la7G89qN1/aNTIYoeOI/99/8PMMG8rW+hiQihhZvs2Qs/qJ3fMd/RRtep1RURa\nm4qpAQGRj9KyE9rZTYkluARN2TeHjZKYfKJi2X1zZqcKpCybsMqCEjsY+49FutZM\nsEVGu1pg+YlW0pckGh5UruHE4BbERRo9w5NEV4AaSz7WR4Gdk1QIu/90Q9AJRno8\ngsFzqIiLEUUg/rf6vPbFU93Finb/d/nFg3FjYPIymsW+Bo9Y3DabxaLHOzsy5rFu\nhL5heYxFWkkl2YqaF4plKl8ae1iOuVu8vU+2JQuxEK9J9nYgbWR6kb0VYj/NW4mB\nNuPG2pGWG63pY3psoPk/8nesMXHdapuVBMJqAgxdJSlMN7tQ+uuLgn3jNYSgJgh+\nREmr5mKbJcPiXz4xUPxMiY8C7y/7jwSReOh2/kaUVSS7fGlCJpnRpARO2eZH7EvY\nKhNb2ndNnQgJTuZKvs6fVBrZnpBDSiNUbIqt0HoPr/5cpXgQoMAaSEpefKfXven7\nYiJuEOvDeU+sB+wu0hEAAAADAQABAAACAQCb/34hDSQTuVMzLxbjCuHFSCAO84bx\nIBMGn+gpJTNufGtTakGgzA3FS4hS5bHKpDVgDQbgvscsIyXbRnBMe1oFJ28ND1uI\nLiYAJQeGPK9ZuruqdoYewj8RkI/DKxfpym10spOEOOJzThjDF096Szs/hzFfmH5k\ndbF3rgcxwxpPNl5NFwidFsB7v9j2OQJWYk5e5mwBJj6MqnI7VieYDtwLMWZbdHHQ\ndH1O41KKwxIxkpddKQ9jDI4EbKfud4SuPQnWw8WK9DvycE80f0vdOsbKINc766/C\niB86IC0BJxXbTDU130Wp2UECENGRrnRYLDaQGqjR0+k8s40T7hidwpM1qW5dtyLa\n01HvYqfrW8Bs/gNEhMEmg0UadLtk58VMRh/vRL+i5d/3ULorN9CsVuFh9RjIH+Ri\nkr6X2inUiRVQZtD9d7uVWQI3A4D5ci4buoFcRDYKdpOU4cbBHqGOGo2/GY4cTL5c\nXvKLDB+JFQ9DYHW/D+QDG9sbSLkMpj8+1aHSLektccD/rZnZBa5RHWjaGHhxZHop\nyMJhB7Hmxu0N79rrWxvhA2piF6zhR7/0vWP4DiYxGU67GhQbWXledi2nys6RZHNL\nQiptaeUOXlghChfaNg1B4JDakHwXcwnXzz/zZlel8Uh9H1rF31NZrTEUIo+4VyrU\norIWm5zIJwyWwQAAAQEAj4MZ2lH5nu714i/wmCqzVHbku5WXhC0ZskoXTVRG8rpZ\nIkLliSLdSEUQ45tkyDsMxEINHMh6wN8ebbZ4diDejOFRBNp/gI305XQEps/m1YYe\n73Nb27xB0x7cWrEzac/oJ02X2FmgvkkGQXvT3K99Ufx9e/qUd+Bu+vZOIsHdaSSm\nL6IJ+nSqW8dQBPv+Ur4f3Pp8kHgh55TFPMLgvH5Uc6FBP5kFQLd1xswCnJVEMNTq\nNbJiLbC2vCxyJqb1gZL5r49aIZFD/LWcjw+D67nBOP8Y3QDd30Uw9X5r7AOdPaWi\nlHcGryZVxmkKlx06DK5haMeQgMf1doQ50UJVRe2o5AAAAQEAwlOZX42f8wwlc7gW\nfE2Tp7XHQiYdztac+x2pG7IPbyYbLP9vmwol2j6O+it1KSz7OYiDE8r85zqcDHHD\nYxLIkmVO2YdTNLHgZr4m8TxrQKHB7XSntmMFo2js+sKSFb6a/WSTeY4d+N6eqITX\nqoitx3wzgjFZTrnVEaBM5bAuKjSKzYmyq2qFuM4h2FPZkBi1N+FJh3nwYiP3RwDz\nl5lC2vwa49Wx7E9gkQ3xtROJ9Vb8uc26zD0YksrdiPqa/vIgav8E2a4SIBd5CPvG\n9g6n4t7FHV5RifqTzbYhGA/1fUAQCIwwbY+aKmlR3/etFzOFp900O7PC13QsjV0x\nwJdxDQAAAQEA2nUIHr6cg7Q52KeEHP/0tqb3Wyvoz2A5T8jhz/pqfqnAAUFOiACo\n+ITku6jtfHtgr9gQ8bT88GCNiQy4LuU6bCSUYYL1S+BeWzEgLi1l2NMN0x0uincV\nYftbwVUaKJR72ppHyS7Q+IYmeaoEoEUc5tGM3/l+qcgnOGLQ4PpzPx5SkuwUPTvO\nrbnHbWgRA9Fv+puTnFPibII8ahmMxDFKHo2w3XkX/vIRPlF67H6gD5A0FZBdccUK\nZzssAhgrgXxwLReLwkm2YUDOOWhqk1hHNjENbeVeVy1G9pGOPNBFBGLKEm+oHGYX\niyUOjpJbOxeEMp840Xih5oGnbCQiinG8FQAAAAAB\n-----END OPENSSH PRIVATE KEY-----\n",
            "private_key_pem": "-----BEGIN RSA PRIVATE KEY-----\nMIIJKgIBAAKCAgEApdQG+mqNv3H8TFiaV83tGWdQ1XpzuFfY9m23Y2ViyoirV2eu\nD+byeA7OP5sI2qukIn2x9cJHf6+NdJDQsSuo5xNNCUcsbZhzIQPvXvkhXJKVVvWF\nnGltWu9HptHSejirAZx6RekS1fbINs+pLEZyWardO0la7G89qN1/aNTIYoeOI/99\n/8PMMG8rW+hiQihhZvs2Qs/qJ3fMd/RRtep1RURam4qpAQGRj9KyE9rZTYkluARN\n2TeHjZKYfKJi2X1zZqcKpCybsMqCEjsY+49FutZMsEVGu1pg+YlW0pckGh5UruHE\n4BbERRo9w5NEV4AaSz7WR4Gdk1QIu/90Q9AJRno8gsFzqIiLEUUg/rf6vPbFU93F\ninb/d/nFg3FjYPIymsW+Bo9Y3DabxaLHOzsy5rFuhL5heYxFWkkl2YqaF4plKl8a\ne1iOuVu8vU+2JQuxEK9J9nYgbWR6kb0VYj/NW4mBNuPG2pGWG63pY3psoPk/8nes\nMXHdapuVBMJqAgxdJSlMN7tQ+uuLgn3jNYSgJgh+REmr5mKbJcPiXz4xUPxMiY8C\n7y/7jwSReOh2/kaUVSS7fGlCJpnRpARO2eZH7EvYKhNb2ndNnQgJTuZKvs6fVBrZ\nnpBDSiNUbIqt0HoPr/5cpXgQoMAaSEpefKfXven7YiJuEOvDeU+sB+wu0hECAwEA\nAQKCAgEAm/9+IQ0kE7lTMy8W4wrhxUggDvOG8SATBp/oKSUzbnxrU2pBoMwNxUuI\nUuWxyqQ1YA0G4L7HLCMl20ZwTHtaBSdvDQ9biC4mACUHhjyvWbq7qnaGHsI/EZCP\nwysX6cptdLKThDjic04YwxdPeks7P4cxX5h+ZHWxd64HMcMaTzZeTRcInRbAe7/Y\n9jkCVmJOXuZsASY+jKpyO1YnmA7cCzFmW3Rx0HR9TuNSisMSMZKXXSkPYwyOBGyn\n7neErj0J1sPFivQ78nBPNH9L3TrGyiDXO+uvwogfOiAtAScV20w1Nd9FqdlBAhDR\nka50WCw2kBqo0dPpPLONE+4YncKTNaluXbci2tNR72Kn61vAbP4DRITBJoNFGnS7\nZOfFTEYf70S/ouXf91C6KzfQrFbhYfUYyB/kYpK+l9op1IkVUGbQ/Xe7lVkCNwOA\n+XIuG7qBXEQ2CnaTlOHGwR6hjhqNvxmOHEy+XF7yiwwfiRUPQ2B1vw/kAxvbG0i5\nDKY/PtWh0i3pLXHA/62Z2QWuUR1o2hh4cWR6KcjCYQex5sbtDe/a61sb4QNqYhes\n4Ue/9L1j+A4mMRlOuxoUG1l5XnYtp8rOkWRzS0IqbWnlDl5YIQoX2jYNQeCQ2pB8\nF3MJ188/82ZXpfFIfR9axd9TWa0xFCKPuFcq1KKyFpucyCcMlsECggEBAMJTmV+N\nn/MMJXO4FnxNk6e1x0ImHc7WnPsdqRuyD28mGyz/b5sKJdo+jvordSks+zmIgxPK\n/Oc6nAxxw2MSyJJlTtmHUzSx4Ga+JvE8a0Chwe10p7ZjBaNo7PrCkhW+mv1kk3mO\nHfjenqiE16qIrcd8M4IxWU651RGgTOWwLio0is2JsqtqhbjOIdhT2ZAYtTfhSYd5\n8GIj90cA85eZQtr8GuPVsexPYJEN8bUTifVW/LnNusw9GJLK3Yj6mv7yIGr/BNmu\nEiAXeQj7xvYOp+LexR1eUYn6k822IRgP9X1AEAiMMG2PmippUd/3rRczhafdNDuz\nwtd0LI1dMcCXcQ0CggEBANp1CB6+nIO0OdinhBz/9Lam91sr6M9gOU/I4c/6an6p\nwAFBTogAqPiE5Luo7Xx7YK/YEPG0/PBgjYkMuC7lOmwklGGC9UvgXlsxIC4tZdjT\nDdMdLop3FWH7W8FVGiiUe9qaR8ku0PiGJnmqBKBFHObRjN/5fqnIJzhi0OD6cz8e\nUpLsFD07zq25x21oEQPRb/qbk5xT4myCPGoZjMQxSh6NsN15F/7yET5Reux+oA+Q\nNBWQXXHFCmc7LAIYK4F8cC0Xi8JJtmFAzjloapNYRzYxDW3lXlctRvaRjjzQRQRi\nyhJvqBxmF4slDo6SWzsXhDKfONF4oeaBp2wkIopxvBUCggEBAIWwe+DID1VnctCk\nwhtsR3vmzBnPHUyySzdblX7vRj0Ca0nOxdpU5eu6hCTKBwV347IWH49bZBg0My1A\nito7Du/gcJmoxu6GvUoR4bqvBV5mqoMRcVxBzZw5UGfHujbpdbmEGw1SX35asa5g\nDftNoriN0uXry3Qk1tgUfzK5vVjd4uw6okfZtfuJHLG2JgRDa1DxVeO1WVI7SiB4\nIB2Ym+0J6fn6hzh694VzoWkg8xVtbdrqFWvzUFeU50oYls90hib2IUEcx216mJM8\nnAml1Yx4FAX7YH9be5nXhfcG663qh91JjPujAr3QzToXK+a9VGNDBG9aYV5Wl1v9\n1H+Z8HUCggEADfCl4gBb0HOxtUeLQKZ8oSMqaaD1rDYBsjupXTInlYmTfQED193i\n6mjgh7ER5n2g/9eTzTi1Y0ll/rbXEfcCsV/sMATBTmQ04TDTUt8Gvr1JBo24KJHM\nxYHaqw2ZK7m95YcuyYG5SAKXdfAJd4ixfXElwi0TjhX9mrWDirewnvh6YHG8IOQu\nHhvaw/p+C3ZT5PQEiVc4/Z+Z51NWDjbu+eAkxx0xEM21l/pvE6RI5nVXPYEG1Xmz\nXj8CYefU7uBX8CiufGljv/T4s+Ub1+csNCMRLlASoxF6k8VaBDtuDAeZyW9ilN1W\n50QoF6TzOWQYxXovj/5YpnLjkh0ELz1uuQKCAQEAj4MZ2lH5nu714i/wmCqzVHbk\nu5WXhC0ZskoXTVRG8rpZIkLliSLdSEUQ45tkyDsMxEINHMh6wN8ebbZ4diDejOFR\nBNp/gI305XQEps/m1YYe73Nb27xB0x7cWrEzac/oJ02X2FmgvkkGQXvT3K99Ufx9\ne/qUd+Bu+vZOIsHdaSSmL6IJ+nSqW8dQBPv+Ur4f3Pp8kHgh55TFPMLgvH5Uc6FB\nP5kFQLd1xswCnJVEMNTqNbJiLbC2vCxyJqb1gZL5r49aIZFD/LWcjw+D67nBOP8Y\n3QDd30Uw9X5r7AOdPaWilHcGryZVxmkKlx06DK5haMeQgMf1doQ50UJVRe2o5A==\n-----END RSA PRIVATE KEY-----\n",
            "private_key_pem_pkcs8": "-----BEGIN PRIVATE KEY-----\nMIIJRAIBADANBgkqhkiG9w0BAQEFAASCCS4wggkqAgEAAoICAQCl1Ab6ao2/cfxM\nWJpXze0ZZ1DVenO4V9j2bbdjZWLKiKtXZ64P5vJ4Ds4/mwjaq6QifbH1wkd/r410\nkNCxK6jnE00JRyxtmHMhA+9e+SFckpVW9YWcaW1a70em0dJ6OKsBnHpF6RLV9sg2\nz6ksRnJZqt07SVrsbz2o3X9o1Mhih44j/33/w8wwbytb6GJCKGFm+zZCz+ond8x3\n9FG16nVFRFqbiqkBAZGP0rIT2tlNiSW4BE3ZN4eNkph8omLZfXNmpwqkLJuwyoIS\nOxj7j0W61kywRUa7WmD5iVbSlyQaHlSu4cTgFsRFGj3Dk0RXgBpLPtZHgZ2TVAi7\n/3RD0AlGejyCwXOoiIsRRSD+t/q89sVT3cWKdv93+cWDcWNg8jKaxb4Gj1jcNpvF\nosc7OzLmsW6EvmF5jEVaSSXZipoXimUqXxp7WI65W7y9T7YlC7EQr0n2diBtZHqR\nvRViP81biYE248bakZYbreljemyg+T/yd6wxcd1qm5UEwmoCDF0lKUw3u1D664uC\nfeM1hKAmCH5ESavmYpslw+JfPjFQ/EyJjwLvL/uPBJF46Hb+RpRVJLt8aUImmdGk\nBE7Z5kfsS9gqE1vad02dCAlO5kq+zp9UGtmekENKI1Rsiq3Qeg+v/lyleBCgwBpI\nSl58p9e96ftiIm4Q68N5T6wH7C7SEQIDAQABAoICAQCb/34hDSQTuVMzLxbjCuHF\nSCAO84bxIBMGn+gpJTNufGtTakGgzA3FS4hS5bHKpDVgDQbgvscsIyXbRnBMe1oF\nJ28ND1uILiYAJQeGPK9ZuruqdoYewj8RkI/DKxfpym10spOEOOJzThjDF096Szs/\nhzFfmH5kdbF3rgcxwxpPNl5NFwidFsB7v9j2OQJWYk5e5mwBJj6MqnI7VieYDtwL\nMWZbdHHQdH1O41KKwxIxkpddKQ9jDI4EbKfud4SuPQnWw8WK9DvycE80f0vdOsbK\nINc766/CiB86IC0BJxXbTDU130Wp2UECENGRrnRYLDaQGqjR0+k8s40T7hidwpM1\nqW5dtyLa01HvYqfrW8Bs/gNEhMEmg0UadLtk58VMRh/vRL+i5d/3ULorN9CsVuFh\n9RjIH+Rikr6X2inUiRVQZtD9d7uVWQI3A4D5ci4buoFcRDYKdpOU4cbBHqGOGo2/\nGY4cTL5cXvKLDB+JFQ9DYHW/D+QDG9sbSLkMpj8+1aHSLektccD/rZnZBa5RHWja\nGHhxZHopyMJhB7Hmxu0N79rrWxvhA2piF6zhR7/0vWP4DiYxGU67GhQbWXledi2n\nys6RZHNLQiptaeUOXlghChfaNg1B4JDakHwXcwnXzz/zZlel8Uh9H1rF31NZrTEU\nIo+4VyrUorIWm5zIJwyWwQKCAQEAwlOZX42f8wwlc7gWfE2Tp7XHQiYdztac+x2p\nG7IPbyYbLP9vmwol2j6O+it1KSz7OYiDE8r85zqcDHHDYxLIkmVO2YdTNLHgZr4m\n8TxrQKHB7XSntmMFo2js+sKSFb6a/WSTeY4d+N6eqITXqoitx3wzgjFZTrnVEaBM\n5bAuKjSKzYmyq2qFuM4h2FPZkBi1N+FJh3nwYiP3RwDzl5lC2vwa49Wx7E9gkQ3x\ntROJ9Vb8uc26zD0YksrdiPqa/vIgav8E2a4SIBd5CPvG9g6n4t7FHV5RifqTzbYh\nGA/1fUAQCIwwbY+aKmlR3/etFzOFp900O7PC13QsjV0xwJdxDQKCAQEA2nUIHr6c\ng7Q52KeEHP/0tqb3Wyvoz2A5T8jhz/pqfqnAAUFOiACo+ITku6jtfHtgr9gQ8bT8\n8GCNiQy4LuU6bCSUYYL1S+BeWzEgLi1l2NMN0x0uincVYftbwVUaKJR72ppHyS7Q\n+IYmeaoEoEUc5tGM3/l+qcgnOGLQ4PpzPx5SkuwUPTvOrbnHbWgRA9Fv+puTnFPi\nbII8ahmMxDFKHo2w3XkX/vIRPlF67H6gD5A0FZBdccUKZzssAhgrgXxwLReLwkm2\nYUDOOWhqk1hHNjENbeVeVy1G9pGOPNBFBGLKEm+oHGYXiyUOjpJbOxeEMp840Xih\n5oGnbCQiinG8FQKCAQEAhbB74MgPVWdy0KTCG2xHe+bMGc8dTLJLN1uVfu9GPQJr\nSc7F2lTl67qEJMoHBXfjshYfj1tkGDQzLUCK2jsO7+BwmajG7oa9ShHhuq8FXmaq\ngxFxXEHNnDlQZ8e6Nul1uYQbDVJfflqxrmAN+02iuI3S5evLdCTW2BR/Mrm9WN3i\n7DqiR9m1+4kcsbYmBENrUPFV47VZUjtKIHggHZib7Qnp+fqHOHr3hXOhaSDzFW1t\n2uoVa/NQV5TnShiWz3SGJvYhQRzHbXqYkzycCaXVjHgUBftgf1t7mdeF9wbrreqH\n3UmM+6MCvdDNOhcr5r1UY0MEb1phXlaXW/3Uf5nwdQKCAQAN8KXiAFvQc7G1R4tA\npnyhIyppoPWsNgGyO6ldMieViZN9AQPX3eLqaOCHsRHmfaD/15PNOLVjSWX+ttcR\n9wKxX+wwBMFOZDThMNNS3wa+vUkGjbgokczFgdqrDZkrub3lhy7JgblIApd18Al3\niLF9cSXCLROOFf2atYOKt7Ce+Hpgcbwg5C4eG9rD+n4LdlPk9ASJVzj9n5nnU1YO\nNu754CTHHTEQzbWX+m8TpEjmdVc9gQbVebNePwJh59Tu4FfwKK58aWO/9Piz5RvX\n5yw0IxEuUBKjEXqTxVoEO24MB5nJb2KU3VbnRCgXpPM5ZBjFei+P/limcuOSHQQv\nPW65AoIBAQCPgxnaUfme7vXiL/CYKrNUduS7lZeELRmyShdNVEbyulkiQuWJIt1I\nRRDjm2TIOwzEQg0cyHrA3x5ttnh2IN6M4VEE2n+AjfTldASmz+bVhh7vc1vbvEHT\nHtxasTNpz+gnTZfYWaC+SQZBe9Pcr31R/H17+pR34G769k4iwd1pJKYvogn6dKpb\nx1AE+/5Svh/c+nyQeCHnlMU8wuC8flRzoUE/mQVAt3XGzAKclUQw1Oo1smItsLa8\nLHImpvWBkvmvj1ohkUP8tZyPD4PrucE4/xjdAN3fRTD1fmvsA509paKUdwavJlXG\naQqXHToMrmFox5CAx/V2hDnRQlVF7ajk\n-----END PRIVATE KEY-----\n",
            "public_key_fingerprint_md5": "bd:22:81:ce:89:47:95:8b:e1:a9:f5:15:d1:2d:60:f6",
            "public_key_fingerprint_sha256": "SHA256:S7/0GyUxYzsa10xHSKo8vc1Aoys7nY29fwSlmdOKF64",
            "public_key_openssh": "ssh-rsa AAAAB3NzaC1yc2EAAAADAQABAAACAQCl1Ab6ao2/cfxMWJpXze0ZZ1DVenO4V9j2bbdjZWLKiKtXZ64P5vJ4Ds4/mwjaq6QifbH1wkd/r410kNCxK6jnE00JRyxtmHMhA+9e+SFckpVW9YWcaW1a70em0dJ6OKsBnHpF6RLV9sg2z6ksRnJZqt07SVrsbz2o3X9o1Mhih44j/33/w8wwbytb6GJCKGFm+zZCz+ond8x39FG16nVFRFqbiqkBAZGP0rIT2tlNiSW4BE3ZN4eNkph8omLZfXNmpwqkLJuwyoISOxj7j0W61kywRUa7WmD5iVbSlyQaHlSu4cTgFsRFGj3Dk0RXgBpLPtZHgZ2TVAi7/3RD0AlGejyCwXOoiIsRRSD+t/q89sVT3cWKdv93+cWDcWNg8jKaxb4Gj1jcNpvFosc7OzLmsW6EvmF5jEVaSSXZipoXimUqXxp7WI65W7y9T7YlC7EQr0n2diBtZHqRvRViP81biYE248bakZYbreljemyg+T/yd6wxcd1qm5UEwmoCDF0lKUw3u1D664uCfeM1hKAmCH5ESavmYpslw+JfPjFQ/EyJjwLvL/uPBJF46Hb+RpRVJLt8aUImmdGkBE7Z5kfsS9gqE1vad02dCAlO5kq+zp9UGtmekENKI1Rsiq3Qeg+v/lyleBCgwBpISl58p9e96ftiIm4Q68N5T6wH7C7SEQ==\n",
            "public_key_pem": "-----BEGIN PUBLIC KEY-----\nMIICIjANBgkqhkiG9w0BAQEFAAOCAg8AMIICCgKCAgEApdQG+mqNv3H8TFiaV83t\nGWdQ1XpzuFfY9m23Y2ViyoirV2euD+byeA7OP5sI2qukIn2x9cJHf6+NdJDQsSuo\n5xNNCUcsbZhzIQPvXvkhXJKVVvWFnGltWu9HptHSejirAZx6RekS1fbINs+pLEZy\nWardO0la7G89qN1/aNTIYoeOI/99/8PMMG8rW+hiQihhZvs2Qs/qJ3fMd/RRtep1\nRURam4qpAQGRj9KyE9rZTYkluARN2TeHjZKYfKJi2X1zZqcKpCybsMqCEjsY+49F\nutZMsEVGu1pg+YlW0pckGh5UruHE4BbERRo9w5NEV4AaSz7WR4Gdk1QIu/90Q9AJ\nRno8gsFzqIiLEUUg/rf6vPbFU93Finb/d/nFg3FjYPIymsW+Bo9Y3DabxaLHOzsy\n5rFuhL5heYxFWkkl2YqaF4plKl8ae1iOuVu8vU+2JQuxEK9J9nYgbWR6kb0VYj/N\nW4mBNuPG2pGWG63pY3psoPk/8nesMXHdapuVBMJqAgxdJSlMN7tQ+uuLgn3jNYSg\nJgh+REmr5mKbJcPiXz4xUPxMiY8C7y/7jwSReOh2/kaUVSS7fGlCJpnRpARO2eZH\n7EvYKhNb2ndNnQgJTuZKvs6fVBrZnpBDSiNUbIqt0HoPr/5cpXgQoMAaSEpefKfX\nven7YiJuEOvDeU+sB+wu0hECAwEAAQ==\n-----END PUBLIC KEY-----\n",
            "rsa_bits": 4096
          },
          "sensitive_attributes": []
        }
      ]
    }
  ],
  "check_results": null
}
